
Microsoft Visual Studio Solution File, Format Version 12.00
# Visual Studio 15
VisualStudioVersion = 15.0.28307.902
MinimumVisualStudioVersion = 10.0.40219.1
Project("{FAE04EC0-301F-11D3-BF4B-00C04F79EFBC}") = "BackEnd", "BackEnd\BackEnd.csproj", "{3CE809A1-F64C-4DCD-9A8A-46A5A09ACD2A}"
EndProject
Project("{FAE04EC0-301F-11D3-BF4B-00C04F79EFBC}") = "FrontEnd", "..\FrontEnd\FrontEnd.csproj", "{59D283FD-3926-4D4D-B530-49C708548C97}"
EndProject
Project("{FAE04EC0-301F-11D3-BF4B-00C04F79EFBC}") = "WebPortal", "..\WebPortal\WebPortal.csproj", "{EE36F8D4-DA6C-4585-9EBE-A9ADFA077431}"
EndProject
Global
	GlobalSection(SolutionConfigurationPlatforms) = preSolution
		Debug|Any CPU = Debug|Any CPU
		Release|Any CPU = Release|Any CPU
	EndGlobalSection
	GlobalSection(ProjectConfigurationPlatforms) = postSolution
		{3CE809A1-F64C-4DCD-9A8A-46A5A09ACD2A}.Debug|Any CPU.ActiveCfg = Debug|Any CPU
		{3CE809A1-F64C-4DCD-9A8A-46A5A09ACD2A}.Debug|Any CPU.Build.0 = Debug|Any CPU
		{3CE809A1-F64C-4DCD-9A8A-46A5A09ACD2A}.Release|Any CPU.ActiveCfg = Release|Any CPU
		{3CE809A1-F64C-4DCD-9A8A-46A5A09ACD2A}.Release|Any CPU.Build.0 = Release|Any CPU
		{59D283FD-3926-4D4D-B530-49C708548C97}.Debug|Any CPU.ActiveCfg = Debug|Any CPU
		{59D283FD-3926-4D4D-B530-49C708548C97}.Debug|Any CPU.Build.0 = Debug|Any CPU
		{59D283FD-3926-4D4D-B530-49C708548C97}.Release|Any CPU.ActiveCfg = Release|Any CPU
		{59D283FD-3926-4D4D-B530-49C708548C97}.Release|Any CPU.Build.0 = Release|Any CPU
		{EE36F8D4-DA6C-4585-9EBE-A9ADFA077431}.Debug|Any CPU.ActiveCfg = Debug|Any CPU
		{EE36F8D4-DA6C-4585-9EBE-A9ADFA077431}.Debug|Any CPU.Build.0 = Debug|Any CPU
		{EE36F8D4-DA6C-4585-9EBE-A9ADFA077431}.Release|Any CPU.ActiveCfg = Release|Any CPU
		{EE36F8D4-DA6C-4585-9EBE-A9ADFA077431}.Release|Any CPU.Build.0 = Release|Any CPU
	EndGlobalSection
	GlobalSection(SolutionProperties) = preSolution
		HideSolutionNode = FALSE
	EndGlobalSection
	GlobalSection(ExtensibilityGlobals) = postSolution
		SolutionGuid = {42120813-6F62-4BFB-8437-21E0C08012F4}
	EndGlobalSection
EndGlobal
